<?xml version="1.0" encoding="UTF-8" standalone="yes" ?>
<CodeBlocks_project_file>
	<FileVersion major="1" minor="6" />
	<Project>
		<Option title="G64" />
		<Option pch_mode="2" />
		<Option compiler="gcc" />
		<Build>
			<Target title="Debug">
				<Option output="bin/Debug/G64" prefix_auto="1" extension_auto="1" />
				<Option object_output="obj/Debug/" />
				<Option type="1" />
				<Option compiler="gcc" />
				<Compiler>
					<Add option="-g" />
					<Add directory="include" />
				</Compiler>
			</Target>
			<Target title="Release">
				<Option output="bin/Release/G64" prefix_auto="1" extension_auto="1" />
				<Option object_output="obj/Release/" />
				<Option type="1" />
				<Option compiler="gcc" />
				<Compiler>
					<Add option="-O2" />
					<Add directory="include" />
				</Compiler>
				<Linker>
					<Add option="-s" />
				</Linker>
			</Target>
			<Target title="Debug (Linux)">
				<Option platforms="Unix;" />
				<Option output="bin/Debug/G64" prefix_auto="1" extension_auto="1" />
				<Option object_output="obj/Debug/" />
				<Option type="1" />
				<Option compiler="gcc" />
				<Compiler>
					<Add option="-g" />
					<Add option="-O0" />
					<Add directory="include" />
				</Compiler>
				<Linker>
					<Add option="-lGL -lglfw -lrt -lm -ldl -pthread" />
				</Linker>
			</Target>
		</Build>
		<Compiler>
			<Add option="-Wall" />
			<Add option="-fexceptions" />
		</Compiler>
		<Unit filename="include/G64.h" />
		<Unit filename="include/G6510.h" />
		<Unit filename="include/GCharRom.h" />
		<Unit filename="include/GColour.h" />
		<Unit filename="include/GIO.h" />
		<Unit filename="include/GMemMgr.h" />
		<Unit filename="include/GRom.h" />
		<Unit filename="include/GVICII.h" />
		<Unit filename="include/plf_nanotimer.h" />
		<Unit filename="include/type.h" />
		<Unit filename="src/G64.cpp" />
		<Unit filename="src/G6510.cpp" />
		<Unit filename="src/GCharRom.cpp" />
		<Unit filename="src/GColour.cpp" />
		<Unit filename="src/GIO.cpp" />
		<Unit filename="src/GMemMgr.cpp" />
		<Unit filename="src/GRom.cpp" />
		<Unit filename="src/GVICII.cpp" />
		<Unit filename="src/main.cpp" />
		<Extensions />
	</Project>
</CodeBlocks_project_file>
